
Microsoft Visual Studio Solution File, Format Version 12.00
# 
Project("{FAE04EC0-301F-11D3-BF4B-00C04F79EFBC}") = "FlipperZero.NET.Client", "src\FlipperZero.NET.Client\FlipperZero.NET.Client.csproj", "{045D99FC-21BC-456E-AB58-1BCFBAFBEE6A}"
EndProject
Project("{2150E333-8FDC-42A3-9474-1A3956D46DE8}") = "SolutionItems", "SolutionItems", "{01B5A30A-9E98-4333-8196-597B05CC25F9}"
	ProjectSection(SolutionItems) = preProject
		AGENTS.md = AGENTS.md
	EndProjectSection
EndProject
Project("{2150E333-8FDC-42A3-9474-1A3956D46DE8}") = "tests", "tests", "{AD51403D-DBA8-4663-8537-501BC0F303B6}"
EndProject
Project("{FAE04EC0-301F-11D3-BF4B-00C04F79EFBC}") = "FlipperZero.NET.Client.IntegrationTests", "tests\FlipperZero.NET.Client.IntegrationTests\FlipperZero.NET.Client.IntegrationTests.csproj", "{E33C2916-FF90-4C6D-980B-36860909AEF7}"
EndProject
Project("{2150E333-8FDC-42A3-9474-1A3956D46DE8}") = "src", "src", "{C6C1FF92-29AD-40F0-8A50-497F03807EA5}"
EndProject
Project("{FAE04EC0-301F-11D3-BF4B-00C04F79EFBC}") = "FlipperZero.NET.Client.UnitTests", "tests\FlipperZero.NET.Client.UnitTests\FlipperZero.NET.Client.UnitTests.csproj", "{2894FC9A-4564-4C20-9BDB-FF8F39DCB337}"
EndProject
Global
	GlobalSection(SolutionConfigurationPlatforms) = preSolution
		Debug|Any CPU = Debug|Any CPU
		Release|Any CPU = Release|Any CPU
	EndGlobalSection
	GlobalSection(ProjectConfigurationPlatforms) = postSolution
		{045D99FC-21BC-456E-AB58-1BCFBAFBEE6A}.Debug|Any CPU.ActiveCfg = Debug|Any CPU
		{045D99FC-21BC-456E-AB58-1BCFBAFBEE6A}.Debug|Any CPU.Build.0 = Debug|Any CPU
		{045D99FC-21BC-456E-AB58-1BCFBAFBEE6A}.Release|Any CPU.ActiveCfg = Release|Any CPU
		{045D99FC-21BC-456E-AB58-1BCFBAFBEE6A}.Release|Any CPU.Build.0 = Release|Any CPU
		{E33C2916-FF90-4C6D-980B-36860909AEF7}.Debug|Any CPU.ActiveCfg = Debug|Any CPU
		{E33C2916-FF90-4C6D-980B-36860909AEF7}.Debug|Any CPU.Build.0 = Debug|Any CPU
		{E33C2916-FF90-4C6D-980B-36860909AEF7}.Release|Any CPU.ActiveCfg = Release|Any CPU
		{E33C2916-FF90-4C6D-980B-36860909AEF7}.Release|Any CPU.Build.0 = Release|Any CPU
		{2894FC9A-4564-4C20-9BDB-FF8F39DCB337}.Debug|Any CPU.ActiveCfg = Debug|Any CPU
		{2894FC9A-4564-4C20-9BDB-FF8F39DCB337}.Debug|Any CPU.Build.0 = Debug|Any CPU
		{2894FC9A-4564-4C20-9BDB-FF8F39DCB337}.Release|Any CPU.ActiveCfg = Release|Any CPU
		{2894FC9A-4564-4C20-9BDB-FF8F39DCB337}.Release|Any CPU.Build.0 = Release|Any CPU
	EndGlobalSection
	GlobalSection(NestedProjects) = preSolution
		{E33C2916-FF90-4C6D-980B-36860909AEF7} = {AD51403D-DBA8-4663-8537-501BC0F303B6}
		{045D99FC-21BC-456E-AB58-1BCFBAFBEE6A} = {C6C1FF92-29AD-40F0-8A50-497F03807EA5}
		{2894FC9A-4564-4C20-9BDB-FF8F39DCB337} = {AD51403D-DBA8-4663-8537-501BC0F303B6}
	EndGlobalSection
EndGlobal
