
Microsoft Visual Studio Solution File, Format Version 12.00
#
Project("{FAE04EC0-301F-11D3-BF4B-00C04F79EFBC}") = "FlipperZero.NET.Client", "src\FlipperZero.NET.Client\FlipperZero.NET.Client.csproj", "{045D99FC-21BC-456E-AB58-1BCFBAFBEE6A}"
EndProject
Project("{2150E333-8FDC-42A3-9474-1A3956D46DE8}") = "SolutionItems", "SolutionItems", "{01B5A30A-9E98-4333-8196-597B05CC25F9}"
	ProjectSection(SolutionItems) = preProject
		AGENTS.md = AGENTS.md
	EndProjectSection
EndProject
Project("{2150E333-8FDC-42A3-9474-1A3956D46DE8}") = "tests", "tests", "{AD51403D-DBA8-4663-8537-501BC0F303B6}"
EndProject
Project("{2150E333-8FDC-42A3-9474-1A3956D46DE8}") = "src", "src", "{C6C1FF92-29AD-40F0-8A50-497F03807EA5}"
EndProject
Project("{FAE04EC0-301F-11D3-BF4B-00C04F79EFBC}") = "FlipperZero.NET.Client.UnitTests", "tests\FlipperZero.NET.Client.UnitTests\FlipperZero.NET.Client.UnitTests.csproj", "{2894FC9A-4564-4C20-9BDB-FF8F39DCB337}"
EndProject
Project("{FAE04EC0-301F-11D3-BF4B-00C04F79EFBC}") = "FlipperZero.NET.Tests.Infrastructure", "tests\FlipperZero.NET.Tests.Infrastructure\FlipperZero.NET.Tests.Infrastructure.csproj", "{D479A047-5B9E-4967-A21A-65E46993B711}"
EndProject
Project("{FAE04EC0-301F-11D3-BF4B-00C04F79EFBC}") = "FlipperZero.NET.Client.HardwareTests", "tests\FlipperZero.NET.Client.HardwareTests\FlipperZero.NET.Client.HardwareTests.csproj", "{89604884-A430-4C7D-A750-A00D59D1D3BB}"
EndProject
Project("{FAE04EC0-301F-11D3-BF4B-00C04F79EFBC}") = "FlipperZero.NET.Client.ManualTests", "tests\FlipperZero.NET.Client.ManualTests\FlipperZero.NET.Client.ManualTests.csproj", "{64DC315E-544E-4CD2-9249-8D6267BFDE67}"
EndProject
Project("{FAE04EC0-301F-11D3-BF4B-00C04F79EFBC}") = "FlipperZero.NET.Bootstrapper", "src\FlipperZero.NET.Bootstrapper\FlipperZero.NET.Bootstrapper.csproj", "{16E8D7E6-05AA-40B4-B594-8B3DAB7327A3}"
EndProject
Project("{2150E333-8FDC-42A3-9474-1A3956D46DE8}") = "codegens", "codegens", "{C3BCFC60-5114-4C8A-A639-1F98FC59AA26}"
	ProjectSection(SolutionItems) = preProject
		codegens\c-codegen.csx = codegens\c-codegen.csx
		codegens\codegen.csx = codegens\codegen.csx
	EndProjectSection
EndProject
Global
	GlobalSection(SolutionConfigurationPlatforms) = preSolution
		Debug|Any CPU = Debug|Any CPU
		Release|Any CPU = Release|Any CPU
	EndGlobalSection
	GlobalSection(ProjectConfigurationPlatforms) = postSolution
		{045D99FC-21BC-456E-AB58-1BCFBAFBEE6A}.Debug|Any CPU.ActiveCfg = Debug|Any CPU
		{045D99FC-21BC-456E-AB58-1BCFBAFBEE6A}.Debug|Any CPU.Build.0 = Debug|Any CPU
		{045D99FC-21BC-456E-AB58-1BCFBAFBEE6A}.Release|Any CPU.ActiveCfg = Release|Any CPU
		{045D99FC-21BC-456E-AB58-1BCFBAFBEE6A}.Release|Any CPU.Build.0 = Release|Any CPU
		{2894FC9A-4564-4C20-9BDB-FF8F39DCB337}.Debug|Any CPU.ActiveCfg = Debug|Any CPU
		{2894FC9A-4564-4C20-9BDB-FF8F39DCB337}.Debug|Any CPU.Build.0 = Debug|Any CPU
		{2894FC9A-4564-4C20-9BDB-FF8F39DCB337}.Release|Any CPU.ActiveCfg = Release|Any CPU
		{2894FC9A-4564-4C20-9BDB-FF8F39DCB337}.Release|Any CPU.Build.0 = Release|Any CPU
		{D479A047-5B9E-4967-A21A-65E46993B711}.Debug|Any CPU.ActiveCfg = Debug|Any CPU
		{D479A047-5B9E-4967-A21A-65E46993B711}.Debug|Any CPU.Build.0 = Debug|Any CPU
		{D479A047-5B9E-4967-A21A-65E46993B711}.Release|Any CPU.ActiveCfg = Release|Any CPU
		{D479A047-5B9E-4967-A21A-65E46993B711}.Release|Any CPU.Build.0 = Release|Any CPU
		{89604884-A430-4C7D-A750-A00D59D1D3BB}.Debug|Any CPU.ActiveCfg = Debug|Any CPU
		{89604884-A430-4C7D-A750-A00D59D1D3BB}.Debug|Any CPU.Build.0 = Debug|Any CPU
		{89604884-A430-4C7D-A750-A00D59D1D3BB}.Release|Any CPU.ActiveCfg = Release|Any CPU
		{89604884-A430-4C7D-A750-A00D59D1D3BB}.Release|Any CPU.Build.0 = Release|Any CPU
		{64DC315E-544E-4CD2-9249-8D6267BFDE67}.Debug|Any CPU.ActiveCfg = Debug|Any CPU
		{64DC315E-544E-4CD2-9249-8D6267BFDE67}.Debug|Any CPU.Build.0 = Debug|Any CPU
		{64DC315E-544E-4CD2-9249-8D6267BFDE67}.Release|Any CPU.ActiveCfg = Release|Any CPU
		{64DC315E-544E-4CD2-9249-8D6267BFDE67}.Release|Any CPU.Build.0 = Release|Any CPU
		{16E8D7E6-05AA-40B4-B594-8B3DAB7327A3}.Debug|Any CPU.ActiveCfg = Debug|Any CPU
		{16E8D7E6-05AA-40B4-B594-8B3DAB7327A3}.Debug|Any CPU.Build.0 = Debug|Any CPU
		{16E8D7E6-05AA-40B4-B594-8B3DAB7327A3}.Release|Any CPU.ActiveCfg = Release|Any CPU
		{16E8D7E6-05AA-40B4-B594-8B3DAB7327A3}.Release|Any CPU.Build.0 = Release|Any CPU
	EndGlobalSection
	GlobalSection(NestedProjects) = preSolution
		{045D99FC-21BC-456E-AB58-1BCFBAFBEE6A} = {C6C1FF92-29AD-40F0-8A50-497F03807EA5}
		{2894FC9A-4564-4C20-9BDB-FF8F39DCB337} = {AD51403D-DBA8-4663-8537-501BC0F303B6}
		{D479A047-5B9E-4967-A21A-65E46993B711} = {AD51403D-DBA8-4663-8537-501BC0F303B6}
		{89604884-A430-4C7D-A750-A00D59D1D3BB} = {AD51403D-DBA8-4663-8537-501BC0F303B6}
		{64DC315E-544E-4CD2-9249-8D6267BFDE67} = {AD51403D-DBA8-4663-8537-501BC0F303B6}
		{16E8D7E6-05AA-40B4-B594-8B3DAB7327A3} = {C6C1FF92-29AD-40F0-8A50-497F03807EA5}
		{C3BCFC60-5114-4C8A-A639-1F98FC59AA26} = {01B5A30A-9E98-4333-8196-597B05CC25F9}
	EndGlobalSection
EndGlobal
